
Microsoft Visual Studio Solution File, Format Version 12.00
# Visual Studio Version 17
VisualStudioVersion = 17.5.33530.505
MinimumVisualStudioVersion = 10.0.40219.1
Project("{FAE04EC0-301F-11D3-BF4B-00C04F79EFBC}") = "C# Shop 3", "C# Shop 3\C# Shop 3.csproj", "{D3E690C1-E9F6-4D76-84BE-97C971BC67D8}"
EndProject
Global
	GlobalSection(SolutionConfigurationPlatforms) = preSolution
		Debug|Any CPU = Debug|Any CPU
		Release|Any CPU = Release|Any CPU
	EndGlobalSection
	GlobalSection(ProjectConfigurationPlatforms) = postSolution
		{D3E690C1-E9F6-4D76-84BE-97C971BC67D8}.Debug|Any CPU.ActiveCfg = Debug|Any CPU
		{D3E690C1-E9F6-4D76-84BE-97C971BC67D8}.Debug|Any CPU.Build.0 = Debug|Any CPU
		{D3E690C1-E9F6-4D76-84BE-97C971BC67D8}.Release|Any CPU.ActiveCfg = Release|Any CPU
		{D3E690C1-E9F6-4D76-84BE-97C971BC67D8}.Release|Any CPU.Build.0 = Release|Any CPU
	EndGlobalSection
	GlobalSection(SolutionProperties) = preSolution
		HideSolutionNode = FALSE
	EndGlobalSection
	GlobalSection(ExtensibilityGlobals) = postSolution
		SolutionGuid = {4C7A0423-5039-443C-BAA8-34CBA6FBB844}
	EndGlobalSection
EndGlobal
